
Microsoft Visual Studio Solution File, Format Version 12.00
# Visual Studio 15
Project("{FAE04EC0-301F-11D3-BF4B-00C04F79EFBC}") = "TT_Renatus", "Assembly-CSharp.csproj", "{58ECB044-DEAE-7DF6-D0C7-63A1B631AA09}"
EndProject
Project("{FAE04EC0-301F-11D3-BF4B-00C04F79EFBC}") = "TT_Renatus", "Assembly-CSharp-Editor.csproj", "{5C4C2C63-3016-0DE8-BCA2-3708B4742DA7}"
EndProject
Global
	GlobalSection(SolutionConfigurationPlatforms) = preSolution
		Debug|Any CPU = Debug|Any CPU
		Release|Any CPU = Release|Any CPU
	EndGlobalSection
	GlobalSection(ProjectConfigurationPlatforms) = postSolution
		{58ECB044-DEAE-7DF6-D0C7-63A1B631AA09}.Debug|Any CPU.ActiveCfg = Debug|Any CPU
		{58ECB044-DEAE-7DF6-D0C7-63A1B631AA09}.Debug|Any CPU.Build.0 = Debug|Any CPU
		{58ECB044-DEAE-7DF6-D0C7-63A1B631AA09}.Release|Any CPU.ActiveCfg = Release|Any CPU
		{58ECB044-DEAE-7DF6-D0C7-63A1B631AA09}.Release|Any CPU.Build.0 = Release|Any CPU
		{5C4C2C63-3016-0DE8-BCA2-3708B4742DA7}.Debug|Any CPU.ActiveCfg = Debug|Any CPU
		{5C4C2C63-3016-0DE8-BCA2-3708B4742DA7}.Debug|Any CPU.Build.0 = Debug|Any CPU
		{5C4C2C63-3016-0DE8-BCA2-3708B4742DA7}.Release|Any CPU.ActiveCfg = Release|Any CPU
		{5C4C2C63-3016-0DE8-BCA2-3708B4742DA7}.Release|Any CPU.Build.0 = Release|Any CPU
	EndGlobalSection
	GlobalSection(SolutionProperties) = preSolution
		HideSolutionNode = FALSE
	EndGlobalSection
EndGlobal
